{
  "lockfileVersion": 1,
  "configVersion": 1,
  "workspaces": {
    "": {
      "name": "@openbot/agent-codex",
      "dependencies": {
        "@ag-ui/core": "0.0.57",
        "@ag-ui/encoder": "0.0.57",
      },
      "devDependencies": {
        "@types/bun": "1.3.14",
      },
    },
  },
  "packages": {
    "@ag-ui/core": ["@ag-ui/core@0.0.57", "", { "dependencies": { "zod": "^3.22.4" } }, "sha512-gho1OWjNE6E3Rl7ZEZ1wr2CEpUHjLFU0FqzCZZk439TicLu+BfLCMkMokB07bMGlRmbJ60hM6LW60iOVauCx+Q=="],

    "@ag-ui/encoder": ["@ag-ui/encoder@0.0.57", "", { "dependencies": { "@ag-ui/core": "0.0.57", "@ag-ui/proto": "0.0.57" } }, "sha512-ifD9NctR4xyPDR58xF9GK1bj/S8oECFkTeDfuYD8tXdbcOstIJ2TOqU2zhiCKnw7Vw+zR9Qv3TbsM9E7Gi9X3Q=="],

    "@ag-ui/proto": ["@ag-ui/proto@0.0.57", "", { "dependencies": { "@ag-ui/core": "0.0.57", "@bufbuild/protobuf": "^2.2.5", "@protobuf-ts/protoc": "^2.11.1" } }, "sha512-pPENOZt0P6ibH8sCTgq05wLYXi5t3P9B5r/1bWYehXjUxtyOdnukSlWM++SsCIwUXsQdm/b3aBgGjEeTF7RenA=="],

    "@bufbuild/protobuf": ["@bufbuild/protobuf@2.14.0", "", {}, "sha512-C3UGsiCwSprE2NKIIFA3hCDlpXTMCAXRZuEVp88L1GY36Y41+rYL5fryE+nOFhp4p4JPQvdV8PQ4DWgHgeTE+w=="],

    "@protobuf-ts/protoc": ["@protobuf-ts/protoc@2.11.1", "", { "bin": { "protoc": "protoc.js" } }, "sha512-mUZJaV0daGO6HUX90o/atzQ6A7bbN2RSuHtdwo8SSF2Qoe3zHwa4IHyCN1evftTeHfLmdz+45qo47sL+5P8nyg=="],

    "@types/bun": ["@types/bun@1.3.14", "", { "dependencies": { "bun-types": "1.3.14" } }, "sha512-h1hFqFVcvAvD9j9K7ZW7vd82aSA+rTdznZa+5bwvCwqSB1jmmfLcbIWhOLx1/+boy/xmjgCs/OMUL8hRJSmnPw=="],

    "@types/node": ["@types/node@26.4.0", "", { "dependencies": { "undici-types": "~8.3.0" } }, "sha512-faiGnoIrLH/V8cibOMEAZ8pMw6oXqSukl29ra4mN8GdaB2ZewzeaLj+INpV5N+Z1eKWzY+IzaIZH2EIR6YZRNQ=="],

    "bun-types": ["bun-types@1.3.14", "", { "dependencies": { "@types/node": "*" } }, "sha512-4N0ig0fEomHt5R0KCFWjovxow98rIoRwKolrYdCcknNwMekCXRnWEUvgu5soYV8QXtVsrUD8B95MBOZGPvr6KQ=="],

    "undici-types": ["undici-types@8.3.0", "", {}, "sha512-j375ScV60dom+YkPFIfTLcOiPxkN/buHz5GobjLhixFuANaNs3C9l4GmrWqejgXWJ7BbJcFYpTEUkS1Ge8bpZQ=="],

    "zod": ["zod@3.25.76", "", {}, "sha512-gzUt/qt81nXsFGKIFcC3YnfEAx5NkunCfnDlvuBSSFS02bcXu4Lmea0AFIUwbLWxWPx3d9p8S5QoaujKcNQxcQ=="],
  }
}
